<Solution>
  <Project Path="Assembly-CSharp-Editor.csproj" />
  <Project Path="Assembly-CSharp.csproj" />
  <Project Path="EPO.csproj" />
  <Project Path="FangAutoTile.csproj" />
  <Project Path="EPODemo.csproj" />
  <Project Path="Assembly-CSharp-firstpass.csproj" />
  <Project Path="EPOUtilities.csproj" />
  <Project Path="EPOEditor.csproj" />
  <Project Path="EPOURP.csproj" />
  <Project Path="FangAutoTile.Editor.csproj" />
  <Project Path="EPOHDRP.csproj" />
</Solution>
